{
  "originHash" : "ea8903149e5182b9c1fdc3aa2adb35639d6221711fb4a91ac6abb2928d030252",
  "pins" : [
    {
      "identity" : "openai",
      "kind" : "remoteSourceControl",
      "location" : "https://github.com/MacPaw/OpenAI.git",
      "state" : {
        "revision" : "fd13a41e987004d14f1793c570721953a2767b03",
        "version" : "0.2.9"
      }
    },
    {
      "identity" : "swiftkeychainwrapper",
      "kind" : "remoteSourceControl",
      "location" : "https://github.com/jrendel/SwiftKeychainWrapper.git",
      "state" : {
        "revision" : "185a3165346a03767101c4f62e9a545a0fe0530f",
        "version" : "4.0.1"
      }
    },
    {
      "identity" : "swiftydropbox",
      "kind" : "remoteSourceControl",
      "location" : "https://github.com/dropbox/SwiftyDropbox.git",
      "state" : {
        "revision" : "2e2d6257d24ea57735bff25f6a19563728e574da",
        "version" : "10.0.7"
      }
    }
  ],
  "version" : 3
}
