// !$*UTF8*$!
{
	archiveVersion = 1;
	classes = {
	};
	objectVersion = 56;
	objects = {

/* Begin PBXBuildFile section */
		A36FD1F22C0A129800A74FA0 /* AudioFileHandling.swift in Sources */ = {isa = PBXBuildFile; fileRef = A36FD1F12C0A129800A74FA0 /* AudioFileHandling.swift */; };
		A3A627882C058A8E00494C5F /* MaggieReaderApp.swift in Sources */ = {isa = PBXBuildFile; fileRef = A3A627872C058A8E00494C5F /* MaggieReaderApp.swift */; };
		A3A6278A2C058A8E00494C5F /* ContentView.swift in Sources */ = {isa = PBXBuildFile; fileRef = A3A627892C058A8E00494C5F /* ContentView.swift */; };
		A3A6278E2C058A8F00494C5F /* Assets.xcassets in Resources */ = {isa = PBXBuildFile; fileRef = A3A6278D2C058A8F00494C5F /* Assets.xcassets */; };
		A3A627922C058A8F00494C5F /* Preview Assets.xcassets in Resources */ = {isa = PBXBuildFile; fileRef = A3A627912C058A8F00494C5F /* Preview Assets.xcassets */; };
		A3A6279C2C058A8F00494C5F /* MaggieReaderTests.swift in Sources */ = {isa = PBXBuildFile; fileRef = A3A6279B2C058A8F00494C5F /* MaggieReaderTests.swift */; };
		A3A627A62C058A8F00494C5F /* MaggieReaderUITests.swift in Sources */ = {isa = PBXBuildFile; fileRef = A3A627A52C058A8F00494C5F /* MaggieReaderUITests.swift */; };
		A3A627A82C058A8F00494C5F /* MaggieReaderUITestsLaunchTests.swift in Sources */ = {isa = PBXBuildFile; fileRef = A3A627A72C058A8F00494C5F /* MaggieReaderUITestsLaunchTests.swift */; };
		A3A627B92C058CC700494C5F /* SwiftyDropbox in Frameworks */ = {isa = PBXBuildFile; productRef = A3A627B82C058CC700494C5F /* SwiftyDropbox */; };
		A3A627BB2C058D1A00494C5F /* MediaPlayerView.swift in Sources */ = {isa = PBXBuildFile; fileRef = A3A627BA2C058D1A00494C5F /* MediaPlayerView.swift */; };
		A3A627C12C058DF600494C5F /* TextToSpeech.swift in Sources */ = {isa = PBXBuildFile; fileRef = A3A627C02C058DF600494C5F /* TextToSpeech.swift */; };
		A3A627C42C058EB000494C5F /* SwiftKeychainWrapper in Frameworks */ = {isa = PBXBuildFile; productRef = A3A627C32C058EB000494C5F /* SwiftKeychainWrapper */; };
		A3A627C62C05903C00494C5F /* OpenAIClient.swift in Sources */ = {isa = PBXBuildFile; fileRef = A3A627C52C05903C00494C5F /* OpenAIClient.swift */; };
		A3A627C92C0592F600494C5F /* OpenAI in Frameworks */ = {isa = PBXBuildFile; productRef = A3A627C82C0592F600494C5F /* OpenAI */; };
		A3A627CC2C06A01C00494C5F /* NewEntryView.swift in Sources */ = {isa = PBXBuildFile; fileRef = A3A627CB2C06A01C00494C5F /* NewEntryView.swift */; };
		A3A627CE2C06EFD200494C5F /* APIKeyEntryView.swift in Sources */ = {isa = PBXBuildFile; fileRef = A3A627CD2C06EFD200494C5F /* APIKeyEntryView.swift */; };
		A3A627D02C06EFE500494C5F /* DocumentListView.swift in Sources */ = {isa = PBXBuildFile; fileRef = A3A627CF2C06EFE500494C5F /* DocumentListView.swift */; };
/* End PBXBuildFile section */

/* Begin PBXContainerItemProxy section */
		A3A627982C058A8F00494C5F /* PBXContainerItemProxy */ = {
			isa = PBXContainerItemProxy;
			containerPortal = A3A6277C2C058A8E00494C5F /* Project object */;
			proxyType = 1;
			remoteGlobalIDString = A3A627832C058A8E00494C5F;
			remoteInfo = reader;
		};
		A3A627A22C058A8F00494C5F /* PBXContainerItemProxy */ = {
			isa = PBXContainerItemProxy;
			containerPortal = A3A6277C2C058A8E00494C5F /* Project object */;
			proxyType = 1;
			remoteGlobalIDString = A3A627832C058A8E00494C5F;
			remoteInfo = reader;
		};
/* End PBXContainerItemProxy section */

/* Begin PBXFileReference section */
		A36FD1F12C0A129800A74FA0 /* AudioFileHandling.swift */ = {isa = PBXFileReference; lastKnownFileType = sourcecode.swift; path = AudioFileHandling.swift; sourceTree = "<group>"; };
		A3A627842C058A8E00494C5F /* MaggieReader.app */ = {isa = PBXFileReference; explicitFileType = wrapper.application; includeInIndex = 0; path = MaggieReader.app; sourceTree = BUILT_PRODUCTS_DIR; };
		A3A627872C058A8E00494C5F /* MaggieReaderApp.swift */ = {isa = PBXFileReference; lastKnownFileType = sourcecode.swift; path = MaggieReaderApp.swift; sourceTree = "<group>"; };
		A3A627892C058A8E00494C5F /* ContentView.swift */ = {isa = PBXFileReference; lastKnownFileType = sourcecode.swift; path = ContentView.swift; sourceTree = "<group>"; };
		A3A6278D2C058A8F00494C5F /* Assets.xcassets */ = {isa = PBXFileReference; lastKnownFileType = folder.assetcatalog; path = Assets.xcassets; sourceTree = "<group>"; };
		A3A6278F2C058A8F00494C5F /* MaggieReader.entitlements */ = {isa = PBXFileReference; lastKnownFileType = text.plist.entitlements; path = MaggieReader.entitlements; sourceTree = "<group>"; };
		A3A627912C058A8F00494C5F /* Preview Assets.xcassets */ = {isa = PBXFileReference; lastKnownFileType = folder.assetcatalog; path = "Preview Assets.xcassets"; sourceTree = "<group>"; };
		A3A627972C058A8F00494C5F /* MaggieReaderTests.xctest */ = {isa = PBXFileReference; explicitFileType = wrapper.cfbundle; includeInIndex = 0; path = MaggieReaderTests.xctest; sourceTree = BUILT_PRODUCTS_DIR; };
		A3A6279B2C058A8F00494C5F /* MaggieReaderTests.swift */ = {isa = PBXFileReference; lastKnownFileType = sourcecode.swift; path = MaggieReaderTests.swift; sourceTree = "<group>"; };
		A3A627A12C058A8F00494C5F /* MaggieReaderUITests.xctest */ = {isa = PBXFileReference; explicitFileType = wrapper.cfbundle; includeInIndex = 0; path = MaggieReaderUITests.xctest; sourceTree = BUILT_PRODUCTS_DIR; };
		A3A627A52C058A8F00494C5F /* MaggieReaderUITests.swift */ = {isa = PBXFileReference; lastKnownFileType = sourcecode.swift; path = MaggieReaderUITests.swift; sourceTree = "<group>"; };
		A3A627A72C058A8F00494C5F /* MaggieReaderUITestsLaunchTests.swift */ = {isa = PBXFileReference; lastKnownFileType = sourcecode.swift; path = MaggieReaderUITestsLaunchTests.swift; sourceTree = "<group>"; };
		A3A627BA2C058D1A00494C5F /* MediaPlayerView.swift */ = {isa = PBXFileReference; lastKnownFileType = sourcecode.swift; path = MediaPlayerView.swift; sourceTree = "<group>"; };
		A3A627C02C058DF600494C5F /* TextToSpeech.swift */ = {isa = PBXFileReference; lastKnownFileType = sourcecode.swift; path = TextToSpeech.swift; sourceTree = "<group>"; };
		A3A627C52C05903C00494C5F /* OpenAIClient.swift */ = {isa = PBXFileReference; lastKnownFileType = sourcecode.swift; path = OpenAIClient.swift; sourceTree = "<group>"; };
		A3A627CA2C06274900494C5F /* Info.plist */ = {isa = PBXFileReference; lastKnownFileType = text.plist.xml; path = Info.plist; sourceTree = "<group>"; };
		A3A627CB2C06A01C00494C5F /* NewEntryView.swift */ = {isa = PBXFileReference; lastKnownFileType = sourcecode.swift; path = NewEntryView.swift; sourceTree = "<group>"; };
		A3A627CD2C06EFD200494C5F /* APIKeyEntryView.swift */ = {isa = PBXFileReference; lastKnownFileType = sourcecode.swift; path = APIKeyEntryView.swift; sourceTree = "<group>"; };
		A3A627CF2C06EFE500494C5F /* DocumentListView.swift */ = {isa = PBXFileReference; lastKnownFileType = sourcecode.swift; path = DocumentListView.swift; sourceTree = "<group>"; };
/* End PBXFileReference section */

/* Begin PBXFrameworksBuildPhase section */
		A3A627812C058A8E00494C5F /* Frameworks */ = {
			isa = PBXFrameworksBuildPhase;
			buildActionMask = 2147483647;
			files = (
				A3A627B92C058CC700494C5F /* SwiftyDropbox in Frameworks */,
				A3A627C92C0592F600494C5F /* OpenAI in Frameworks */,
				A3A627C42C058EB000494C5F /* SwiftKeychainWrapper in Frameworks */,
			);
			runOnlyForDeploymentPostprocessing = 0;
		};
		A3A627942C058A8F00494C5F /* Frameworks */ = {
			isa = PBXFrameworksBuildPhase;
			buildActionMask = 2147483647;
			files = (
			);
			runOnlyForDeploymentPostprocessing = 0;
		};
		A3A6279E2C058A8F00494C5F /* Frameworks */ = {
			isa = PBXFrameworksBuildPhase;
			buildActionMask = 2147483647;
			files = (
			);
			runOnlyForDeploymentPostprocessing = 0;
		};
/* End PBXFrameworksBuildPhase section */

/* Begin PBXGroup section */
		A36FD1F52C0A1E7F00A74FA0 /* Supporting Files */ = {
			isa = PBXGroup;
			children = (
				A3A627CA2C06274900494C5F /* Info.plist */,
			);
			path = "Supporting Files";
			sourceTree = "<group>";
		};
		A3A6277B2C058A8E00494C5F = {
			isa = PBXGroup;
			children = (
				A3A627862C058A8E00494C5F /* MaggieReader */,
				A3A6279A2C058A8F00494C5F /* MaggieReaderTests */,
				A3A627A42C058A8F00494C5F /* MaggieReaderUITests */,
				A3A627852C058A8E00494C5F /* Products */,
			);
			sourceTree = "<group>";
		};
		A3A627852C058A8E00494C5F /* Products */ = {
			isa = PBXGroup;
			children = (
				A3A627842C058A8E00494C5F /* MaggieReader.app */,
				A3A627972C058A8F00494C5F /* MaggieReaderTests.xctest */,
				A3A627A12C058A8F00494C5F /* MaggieReaderUITests.xctest */,
			);
			name = Products;
			sourceTree = "<group>";
		};
		A3A627862C058A8E00494C5F /* MaggieReader */ = {
			isa = PBXGroup;
			children = (
				A3A627BF2C058DD900494C5F /* Core */,
				A3A627BC2C058D3F00494C5F /* Views */,
				A3A627872C058A8E00494C5F /* MaggieReaderApp.swift */,
				A3A6278D2C058A8F00494C5F /* Assets.xcassets */,
				A3A6278F2C058A8F00494C5F /* MaggieReader.entitlements */,
				A3A627902C058A8F00494C5F /* Preview Content */,
				A36FD1F52C0A1E7F00A74FA0 /* Supporting Files */,
			);
			path = MaggieReader;
			sourceTree = "<group>";
		};
		A3A627902C058A8F00494C5F /* Preview Content */ = {
			isa = PBXGroup;
			children = (
				A3A627912C058A8F00494C5F /* Preview Assets.xcassets */,
			);
			path = "Preview Content";
			sourceTree = "<group>";
		};
		A3A6279A2C058A8F00494C5F /* MaggieReaderTests */ = {
			isa = PBXGroup;
			children = (
				A3A6279B2C058A8F00494C5F /* MaggieReaderTests.swift */,
			);
			path = MaggieReaderTests;
			sourceTree = "<group>";
		};
		A3A627A42C058A8F00494C5F /* MaggieReaderUITests */ = {
			isa = PBXGroup;
			children = (
				A3A627A52C058A8F00494C5F /* MaggieReaderUITests.swift */,
				A3A627A72C058A8F00494C5F /* MaggieReaderUITestsLaunchTests.swift */,
			);
			path = MaggieReaderUITests;
			sourceTree = "<group>";
		};
		A3A627BC2C058D3F00494C5F /* Views */ = {
			isa = PBXGroup;
			children = (
				A3A627892C058A8E00494C5F /* ContentView.swift */,
				A3A627BA2C058D1A00494C5F /* MediaPlayerView.swift */,
				A3A627CB2C06A01C00494C5F /* NewEntryView.swift */,
				A3A627CD2C06EFD200494C5F /* APIKeyEntryView.swift */,
				A3A627CF2C06EFE500494C5F /* DocumentListView.swift */,
			);
			path = Views;
			sourceTree = "<group>";
		};
		A3A627BF2C058DD900494C5F /* Core */ = {
			isa = PBXGroup;
			children = (
				A3A627C02C058DF600494C5F /* TextToSpeech.swift */,
				A3A627C52C05903C00494C5F /* OpenAIClient.swift */,
				A36FD1F12C0A129800A74FA0 /* AudioFileHandling.swift */,
			);
			path = Core;
			sourceTree = "<group>";
		};
/* End PBXGroup section */

/* Begin PBXNativeTarget section */
		A3A627832C058A8E00494C5F /* MaggieReader */ = {
			isa = PBXNativeTarget;
			buildConfigurationList = A3A627AB2C058A8F00494C5F /* Build configuration list for PBXNativeTarget "MaggieReader" */;
			buildPhases = (
				A3A627802C058A8E00494C5F /* Sources */,
				A3A627812C058A8E00494C5F /* Frameworks */,
				A3A627822C058A8E00494C5F /* Resources */,
			);
			buildRules = (
			);
			dependencies = (
			);
			name = MaggieReader;
			packageProductDependencies = (
				A3A627B82C058CC700494C5F /* SwiftyDropbox */,
				A3A627C32C058EB000494C5F /* SwiftKeychainWrapper */,
				A3A627C82C0592F600494C5F /* OpenAI */,
			);
			productName = reader;
			productReference = A3A627842C058A8E00494C5F /* MaggieReader.app */;
			productType = "com.apple.product-type.application";
		};
		A3A627962C058A8F00494C5F /* MaggieReaderTests */ = {
			isa = PBXNativeTarget;
			buildConfigurationList = A3A627AE2C058A8F00494C5F /* Build configuration list for PBXNativeTarget "MaggieReaderTests" */;
			buildPhases = (
				A3A627932C058A8F00494C5F /* Sources */,
				A3A627942C058A8F00494C5F /* Frameworks */,
				A3A627952C058A8F00494C5F /* Resources */,
			);
			buildRules = (
			);
			dependencies = (
				A3A627992C058A8F00494C5F /* PBXTargetDependency */,
			);
			name = MaggieReaderTests;
			productName = readerTests;
			productReference = A3A627972C058A8F00494C5F /* MaggieReaderTests.xctest */;
			productType = "com.apple.product-type.bundle.unit-test";
		};
		A3A627A02C058A8F00494C5F /* MaggieReaderUITests */ = {
			isa = PBXNativeTarget;
			buildConfigurationList = A3A627B12C058A8F00494C5F /* Build configuration list for PBXNativeTarget "MaggieReaderUITests" */;
			buildPhases = (
				A3A6279D2C058A8F00494C5F /* Sources */,
				A3A6279E2C058A8F00494C5F /* Frameworks */,
				A3A6279F2C058A8F00494C5F /* Resources */,
			);
			buildRules = (
			);
			dependencies = (
				A3A627A32C058A8F00494C5F /* PBXTargetDependency */,
			);
			name = MaggieReaderUITests;
			productName = readerUITests;
			productReference = A3A627A12C058A8F00494C5F /* MaggieReaderUITests.xctest */;
			productType = "com.apple.product-type.bundle.ui-testing";
		};
/* End PBXNativeTarget section */

/* Begin PBXProject section */
		A3A6277C2C058A8E00494C5F /* Project object */ = {
			isa = PBXProject;
			attributes = {
				BuildIndependentTargetsInParallel = 1;
				LastSwiftUpdateCheck = 1540;
				LastUpgradeCheck = 1540;
				TargetAttributes = {
					A3A627832C058A8E00494C5F = {
						CreatedOnToolsVersion = 15.4;
					};
					A3A627962C058A8F00494C5F = {
						CreatedOnToolsVersion = 15.4;
						TestTargetID = A3A627832C058A8E00494C5F;
					};
					A3A627A02C058A8F00494C5F = {
						CreatedOnToolsVersion = 15.4;
						TestTargetID = A3A627832C058A8E00494C5F;
					};
				};
			};
			buildConfigurationList = A3A6277F2C058A8E00494C5F /* Build configuration list for PBXProject "MaggieReader" */;
			compatibilityVersion = "Xcode 14.0";
			developmentRegion = en;
			hasScannedForEncodings = 0;
			knownRegions = (
				en,
				Base,
			);
			mainGroup = A3A6277B2C058A8E00494C5F;
			packageReferences = (
				A3A627B72C058CC700494C5F /* XCRemoteSwiftPackageReference "SwiftyDropbox" */,
				A3A627C22C058EB000494C5F /* XCRemoteSwiftPackageReference "SwiftKeychainWrapper" */,
				A3A627C72C0592F600494C5F /* XCRemoteSwiftPackageReference "OpenAI" */,
			);
			productRefGroup = A3A627852C058A8E00494C5F /* Products */;
			projectDirPath = "";
			projectRoot = "";
			targets = (
				A3A627832C058A8E00494C5F /* MaggieReader */,
				A3A627962C058A8F00494C5F /* MaggieReaderTests */,
				A3A627A02C058A8F00494C5F /* MaggieReaderUITests */,
			);
		};
/* End PBXProject section */

/* Begin PBXResourcesBuildPhase section */
		A3A627822C058A8E00494C5F /* Resources */ = {
			isa = PBXResourcesBuildPhase;
			buildActionMask = 2147483647;
			files = (
				A3A627922C058A8F00494C5F /* Preview Assets.xcassets in Resources */,
				A3A6278E2C058A8F00494C5F /* Assets.xcassets in Resources */,
			);
			runOnlyForDeploymentPostprocessing = 0;
		};
		A3A627952C058A8F00494C5F /* Resources */ = {
			isa = PBXResourcesBuildPhase;
			buildActionMask = 2147483647;
			files = (
			);
			runOnlyForDeploymentPostprocessing = 0;
		};
		A3A6279F2C058A8F00494C5F /* Resources */ = {
			isa = PBXResourcesBuildPhase;
			buildActionMask = 2147483647;
			files = (
			);
			runOnlyForDeploymentPostprocessing = 0;
		};
/* End PBXResourcesBuildPhase section */

/* Begin PBXSourcesBuildPhase section */
		A3A627802C058A8E00494C5F /* Sources */ = {
			isa = PBXSourcesBuildPhase;
			buildActionMask = 2147483647;
			files = (
				A36FD1F22C0A129800A74FA0 /* AudioFileHandling.swift in Sources */,
				A3A627CE2C06EFD200494C5F /* APIKeyEntryView.swift in Sources */,
				A3A627CC2C06A01C00494C5F /* NewEntryView.swift in Sources */,
				A3A627BB2C058D1A00494C5F /* MediaPlayerView.swift in Sources */,
				A3A627C12C058DF600494C5F /* TextToSpeech.swift in Sources */,
				A3A6278A2C058A8E00494C5F /* ContentView.swift in Sources */,
				A3A627882C058A8E00494C5F /* MaggieReaderApp.swift in Sources */,
				A3A627C62C05903C00494C5F /* OpenAIClient.swift in Sources */,
				A3A627D02C06EFE500494C5F /* DocumentListView.swift in Sources */,
			);
			runOnlyForDeploymentPostprocessing = 0;
		};
		A3A627932C058A8F00494C5F /* Sources */ = {
			isa = PBXSourcesBuildPhase;
			buildActionMask = 2147483647;
			files = (
				A3A6279C2C058A8F00494C5F /* MaggieReaderTests.swift in Sources */,
			);
			runOnlyForDeploymentPostprocessing = 0;
		};
		A3A6279D2C058A8F00494C5F /* Sources */ = {
			isa = PBXSourcesBuildPhase;
			buildActionMask = 2147483647;
			files = (
				A3A627A62C058A8F00494C5F /* MaggieReaderUITests.swift in Sources */,
				A3A627A82C058A8F00494C5F /* MaggieReaderUITestsLaunchTests.swift in Sources */,
			);
			runOnlyForDeploymentPostprocessing = 0;
		};
/* End PBXSourcesBuildPhase section */

/* Begin PBXTargetDependency section */
		A3A627992C058A8F00494C5F /* PBXTargetDependency */ = {
			isa = PBXTargetDependency;
			target = A3A627832C058A8E00494C5F /* MaggieReader */;
			targetProxy = A3A627982C058A8F00494C5F /* PBXContainerItemProxy */;
		};
		A3A627A32C058A8F00494C5F /* PBXTargetDependency */ = {
			isa = PBXTargetDependency;
			target = A3A627832C058A8E00494C5F /* MaggieReader */;
			targetProxy = A3A627A22C058A8F00494C5F /* PBXContainerItemProxy */;
		};
/* End PBXTargetDependency section */

/* Begin XCBuildConfiguration section */
		A3A627A92C058A8F00494C5F /* Debug */ = {
			isa = XCBuildConfiguration;
			buildSettings = {
				ALWAYS_SEARCH_USER_PATHS = NO;
				ASSETCATALOG_COMPILER_GENERATE_SWIFT_ASSET_SYMBOL_EXTENSIONS = YES;
				CLANG_ANALYZER_NONNULL = YES;
				CLANG_ANALYZER_NUMBER_OBJECT_CONVERSION = YES_AGGRESSIVE;
				CLANG_CXX_LANGUAGE_STANDARD = "gnu++20";
				CLANG_ENABLE_MODULES = YES;
				CLANG_ENABLE_OBJC_ARC = YES;
				CLANG_ENABLE_OBJC_WEAK = YES;
				CLANG_WARN_BLOCK_CAPTURE_AUTORELEASING = YES;
				CLANG_WARN_BOOL_CONVERSION = YES;
				CLANG_WARN_COMMA = YES;
				CLANG_WARN_CONSTANT_CONVERSION = YES;
				CLANG_WARN_DEPRECATED_OBJC_IMPLEMENTATIONS = YES;
				CLANG_WARN_DIRECT_OBJC_ISA_USAGE = YES_ERROR;
				CLANG_WARN_DOCUMENTATION_COMMENTS = YES;
				CLANG_WARN_EMPTY_BODY = YES;
				CLANG_WARN_ENUM_CONVERSION = YES;
				CLANG_WARN_INFINITE_RECURSION = YES;
				CLANG_WARN_INT_CONVERSION = YES;
				CLANG_WARN_NON_LITERAL_NULL_CONVERSION = YES;
				CLANG_WARN_OBJC_IMPLICIT_RETAIN_SELF = YES;
				CLANG_WARN_OBJC_LITERAL_CONVERSION = YES;
				CLANG_WARN_OBJC_ROOT_CLASS = YES_ERROR;
				CLANG_WARN_QUOTED_INCLUDE_IN_FRAMEWORK_HEADER = YES;
				CLANG_WARN_RANGE_LOOP_ANALYSIS = YES;
				CLANG_WARN_STRICT_PROTOTYPES = YES;
				CLANG_WARN_SUSPICIOUS_MOVE = YES;
				CLANG_WARN_UNGUARDED_AVAILABILITY = YES_AGGRESSIVE;
				CLANG_WARN_UNREACHABLE_CODE = YES;
				CLANG_WARN__DUPLICATE_METHOD_MATCH = YES;
				COPY_PHASE_STRIP = NO;
				DEBUG_INFORMATION_FORMAT = dwarf;
				ENABLE_STRICT_OBJC_MSGSEND = YES;
				ENABLE_TESTABILITY = YES;
				ENABLE_USER_SCRIPT_SANDBOXING = YES;
				GCC_C_LANGUAGE_STANDARD = gnu17;
				GCC_DYNAMIC_NO_PIC = NO;
				GCC_NO_COMMON_BLOCKS = YES;
				GCC_OPTIMIZATION_LEVEL = 0;
				GCC_PREPROCESSOR_DEFINITIONS = (
					"DEBUG=1",
					"$(inherited)",
				);
				GCC_WARN_64_TO_32_BIT_CONVERSION = YES;
				GCC_WARN_ABOUT_RETURN_TYPE = YES_ERROR;
				GCC_WARN_UNDECLARED_SELECTOR = YES;
				GCC_WARN_UNINITIALIZED_AUTOS = YES_AGGRESSIVE;
				GCC_WARN_UNUSED_FUNCTION = YES;
				GCC_WARN_UNUSED_VARIABLE = YES;
				LOCALIZATION_PREFERS_STRING_CATALOGS = YES;
				MTL_ENABLE_DEBUG_INFO = INCLUDE_SOURCE;
				MTL_FAST_MATH = YES;
				ONLY_ACTIVE_ARCH = YES;
				SWIFT_ACTIVE_COMPILATION_CONDITIONS = "DEBUG $(inherited)";
				SWIFT_OPTIMIZATION_LEVEL = "-Onone";
			};
			name = Debug;
		};
		A3A627AA2C058A8F00494C5F /* Release */ = {
			isa = XCBuildConfiguration;
			buildSettings = {
				ALWAYS_SEARCH_USER_PATHS = NO;
				ASSETCATALOG_COMPILER_GENERATE_SWIFT_ASSET_SYMBOL_EXTENSIONS = YES;
				CLANG_ANALYZER_NONNULL = YES;
				CLANG_ANALYZER_NUMBER_OBJECT_CONVERSION = YES_AGGRESSIVE;
				CLANG_CXX_LANGUAGE_STANDARD = "gnu++20";
				CLANG_ENABLE_MODULES = YES;
				CLANG_ENABLE_OBJC_ARC = YES;
				CLANG_ENABLE_OBJC_WEAK = YES;
				CLANG_WARN_BLOCK_CAPTURE_AUTORELEASING = YES;
				CLANG_WARN_BOOL_CONVERSION = YES;
				CLANG_WARN_COMMA = YES;
				CLANG_WARN_CONSTANT_CONVERSION = YES;
				CLANG_WARN_DEPRECATED_OBJC_IMPLEMENTATIONS = YES;
				CLANG_WARN_DIRECT_OBJC_ISA_USAGE = YES_ERROR;
				CLANG_WARN_DOCUMENTATION_COMMENTS = YES;
				CLANG_WARN_EMPTY_BODY = YES;
				CLANG_WARN_ENUM_CONVERSION = YES;
				CLANG_WARN_INFINITE_RECURSION = YES;
				CLANG_WARN_INT_CONVERSION = YES;
				CLANG_WARN_NON_LITERAL_NULL_CONVERSION = YES;
				CLANG_WARN_OBJC_IMPLICIT_RETAIN_SELF = YES;
				CLANG_WARN_OBJC_LITERAL_CONVERSION = YES;
				CLANG_WARN_OBJC_ROOT_CLASS = YES_ERROR;
				CLANG_WARN_QUOTED_INCLUDE_IN_FRAMEWORK_HEADER = YES;
				CLANG_WARN_RANGE_LOOP_ANALYSIS = YES;
				CLANG_WARN_STRICT_PROTOTYPES = YES;
				CLANG_WARN_SUSPICIOUS_MOVE = YES;
				CLANG_WARN_UNGUARDED_AVAILABILITY = YES_AGGRESSIVE;
				CLANG_WARN_UNREACHABLE_CODE = YES;
				CLANG_WARN__DUPLICATE_METHOD_MATCH = YES;
				COPY_PHASE_STRIP = NO;
				DEBUG_INFORMATION_FORMAT = "dwarf-with-dsym";
				ENABLE_NS_ASSERTIONS = NO;
				ENABLE_STRICT_OBJC_MSGSEND = YES;
				ENABLE_USER_SCRIPT_SANDBOXING = YES;
				GCC_C_LANGUAGE_STANDARD = gnu17;
				GCC_NO_COMMON_BLOCKS = YES;
				GCC_WARN_64_TO_32_BIT_CONVERSION = YES;
				GCC_WARN_ABOUT_RETURN_TYPE = YES_ERROR;
				GCC_WARN_UNDECLARED_SELECTOR = YES;
				GCC_WARN_UNINITIALIZED_AUTOS = YES_AGGRESSIVE;
				GCC_WARN_UNUSED_FUNCTION = YES;
				GCC_WARN_UNUSED_VARIABLE = YES;
				LOCALIZATION_PREFERS_STRING_CATALOGS = YES;
				MTL_ENABLE_DEBUG_INFO = NO;
				MTL_FAST_MATH = YES;
				SWIFT_COMPILATION_MODE = wholemodule;
			};
			name = Release;
		};
		A3A627AC2C058A8F00494C5F /* Debug */ = {
			isa = XCBuildConfiguration;
			buildSettings = {
				ASSETCATALOG_COMPILER_APPICON_NAME = AppIcon;
				ASSETCATALOG_COMPILER_GLOBAL_ACCENT_COLOR_NAME = AccentColor;
				ASSETCATALOG_COMPILER_INCLUDE_ALL_APPICON_ASSETS = YES;
				CODE_SIGN_ENTITLEMENTS = MaggieReader/MaggieReader.entitlements;
				"CODE_SIGN_IDENTITY[sdk=macosx*]" = "Apple Development";
				CODE_SIGN_STYLE = Automatic;
				CURRENT_PROJECT_VERSION = 1;
				DEVELOPMENT_ASSET_PATHS = "\"MaggieReader/Preview Content\"";
				DEVELOPMENT_TEAM = B83GKBSQDR;
				ENABLE_HARDENED_RUNTIME = YES;
				ENABLE_PREVIEWS = YES;
				GENERATE_INFOPLIST_FILE = YES;
				INFOPLIST_FILE = "MaggieReader/Supporting Files/Info.plist";
				INFOPLIST_KEY_NSMicrophoneUsageDescription = "This app requires microphone permissions in order to show a vizualizer during audio playback.";
				"INFOPLIST_KEY_UIApplicationSceneManifest_Generation[sdk=iphoneos*]" = YES;
				"INFOPLIST_KEY_UIApplicationSceneManifest_Generation[sdk=iphonesimulator*]" = YES;
				"INFOPLIST_KEY_UIApplicationSupportsIndirectInputEvents[sdk=iphoneos*]" = YES;
				"INFOPLIST_KEY_UIApplicationSupportsIndirectInputEvents[sdk=iphonesimulator*]" = YES;
				"INFOPLIST_KEY_UILaunchScreen_Generation[sdk=iphoneos*]" = YES;
				"INFOPLIST_KEY_UILaunchScreen_Generation[sdk=iphonesimulator*]" = YES;
				"INFOPLIST_KEY_UIStatusBarStyle[sdk=iphoneos*]" = UIStatusBarStyleDefault;
				"INFOPLIST_KEY_UIStatusBarStyle[sdk=iphonesimulator*]" = UIStatusBarStyleDefault;
				INFOPLIST_KEY_UISupportedInterfaceOrientations_iPad = "UIInterfaceOrientationPortrait UIInterfaceOrientationPortraitUpsideDown UIInterfaceOrientationLandscapeLeft UIInterfaceOrientationLandscapeRight";
				INFOPLIST_KEY_UISupportedInterfaceOrientations_iPhone = "UIInterfaceOrientationPortrait UIInterfaceOrientationLandscapeLeft UIInterfaceOrientationLandscapeRight";
				IPHONEOS_DEPLOYMENT_TARGET = 17.4;
				LD_RUNPATH_SEARCH_PATHS = "@executable_path/Frameworks";
				"LD_RUNPATH_SEARCH_PATHS[sdk=macosx*]" = "@executable_path/../Frameworks";
				MACOSX_DEPLOYMENT_TARGET = 14.0;
				MARKETING_VERSION = 1.0;
				PRODUCT_BUNDLE_IDENTIFIER = com.stevenlamphear.MaggieReader;
				PRODUCT_NAME = "$(TARGET_NAME)";
				SDKROOT = auto;
				SUPPORTED_PLATFORMS = "iphoneos iphonesimulator macosx";
				SWIFT_EMIT_LOC_STRINGS = YES;
				SWIFT_VERSION = 5.0;
				TARGETED_DEVICE_FAMILY = "1,2";
			};
			name = Debug;
		};
		A3A627AD2C058A8F00494C5F /* Release */ = {
			isa = XCBuildConfiguration;
			buildSettings = {
				ASSETCATALOG_COMPILER_APPICON_NAME = AppIcon;
				ASSETCATALOG_COMPILER_GLOBAL_ACCENT_COLOR_NAME = AccentColor;
				ASSETCATALOG_COMPILER_INCLUDE_ALL_APPICON_ASSETS = YES;
				CODE_SIGN_ENTITLEMENTS = MaggieReader/MaggieReader.entitlements;
				"CODE_SIGN_IDENTITY[sdk=macosx*]" = "Apple Development";
				CODE_SIGN_STYLE = Automatic;
				CURRENT_PROJECT_VERSION = 1;
				DEVELOPMENT_ASSET_PATHS = "\"MaggieReader/Preview Content\"";
				DEVELOPMENT_TEAM = B83GKBSQDR;
				ENABLE_HARDENED_RUNTIME = YES;
				ENABLE_PREVIEWS = YES;
				GENERATE_INFOPLIST_FILE = YES;
				INFOPLIST_FILE = "MaggieReader/Supporting Files/Info.plist";
				INFOPLIST_KEY_NSMicrophoneUsageDescription = "This app requires microphone permissions in order to show a vizualizer during audio playback.";
				"INFOPLIST_KEY_UIApplicationSceneManifest_Generation[sdk=iphoneos*]" = YES;
				"INFOPLIST_KEY_UIApplicationSceneManifest_Generation[sdk=iphonesimulator*]" = YES;
				"INFOPLIST_KEY_UIApplicationSupportsIndirectInputEvents[sdk=iphoneos*]" = YES;
				"INFOPLIST_KEY_UIApplicationSupportsIndirectInputEvents[sdk=iphonesimulator*]" = YES;
				"INFOPLIST_KEY_UILaunchScreen_Generation[sdk=iphoneos*]" = YES;
				"INFOPLIST_KEY_UILaunchScreen_Generation[sdk=iphonesimulator*]" = YES;
				"INFOPLIST_KEY_UIStatusBarStyle[sdk=iphoneos*]" = UIStatusBarStyleDefault;
				"INFOPLIST_KEY_UIStatusBarStyle[sdk=iphonesimulator*]" = UIStatusBarStyleDefault;
				INFOPLIST_KEY_UISupportedInterfaceOrientations_iPad = "UIInterfaceOrientationPortrait UIInterfaceOrientationPortraitUpsideDown UIInterfaceOrientationLandscapeLeft UIInterfaceOrientationLandscapeRight";
				INFOPLIST_KEY_UISupportedInterfaceOrientations_iPhone = "UIInterfaceOrientationPortrait UIInterfaceOrientationLandscapeLeft UIInterfaceOrientationLandscapeRight";
				IPHONEOS_DEPLOYMENT_TARGET = 17.4;
				LD_RUNPATH_SEARCH_PATHS = "@executable_path/Frameworks";
				"LD_RUNPATH_SEARCH_PATHS[sdk=macosx*]" = "@executable_path/../Frameworks";
				MACOSX_DEPLOYMENT_TARGET = 14.0;
				MARKETING_VERSION = 1.0;
				PRODUCT_BUNDLE_IDENTIFIER = com.stevenlamphear.MaggieReader;
				PRODUCT_NAME = "$(TARGET_NAME)";
				SDKROOT = auto;
				SUPPORTED_PLATFORMS = "iphoneos iphonesimulator macosx";
				SWIFT_EMIT_LOC_STRINGS = YES;
				SWIFT_VERSION = 5.0;
				TARGETED_DEVICE_FAMILY = "1,2";
			};
			name = Release;
		};
		A3A627AF2C058A8F00494C5F /* Debug */ = {
			isa = XCBuildConfiguration;
			buildSettings = {
				ALWAYS_EMBED_SWIFT_STANDARD_LIBRARIES = YES;
				BUNDLE_LOADER = "$(TEST_HOST)";
				CODE_SIGN_STYLE = Automatic;
				CURRENT_PROJECT_VERSION = 1;
				DEVELOPMENT_TEAM = B83GKBSQDR;
				GENERATE_INFOPLIST_FILE = YES;
				IPHONEOS_DEPLOYMENT_TARGET = 17.5;
				MACOSX_DEPLOYMENT_TARGET = 14.5;
				MARKETING_VERSION = 1.0;
				PRODUCT_BUNDLE_IDENTIFIER = com.stevenlamphear.readerTests;
				PRODUCT_NAME = "$(TARGET_NAME)";
				SDKROOT = auto;
				SUPPORTED_PLATFORMS = "iphoneos iphonesimulator macosx";
				SWIFT_EMIT_LOC_STRINGS = NO;
				SWIFT_VERSION = 5.0;
				TARGETED_DEVICE_FAMILY = "1,2";
				TEST_HOST = "$(BUILT_PRODUCTS_DIR)/MaggieReader.app/$(BUNDLE_EXECUTABLE_FOLDER_PATH)/MaggieReader";
			};
			name = Debug;
		};
		A3A627B02C058A8F00494C5F /* Release */ = {
			isa = XCBuildConfiguration;
			buildSettings = {
				ALWAYS_EMBED_SWIFT_STANDARD_LIBRARIES = YES;
				BUNDLE_LOADER = "$(TEST_HOST)";
				CODE_SIGN_STYLE = Automatic;
				CURRENT_PROJECT_VERSION = 1;
				DEVELOPMENT_TEAM = B83GKBSQDR;
				GENERATE_INFOPLIST_FILE = YES;
				IPHONEOS_DEPLOYMENT_TARGET = 17.5;
				MACOSX_DEPLOYMENT_TARGET = 14.5;
				MARKETING_VERSION = 1.0;
				PRODUCT_BUNDLE_IDENTIFIER = com.stevenlamphear.readerTests;
				PRODUCT_NAME = "$(TARGET_NAME)";
				SDKROOT = auto;
				SUPPORTED_PLATFORMS = "iphoneos iphonesimulator macosx";
				SWIFT_EMIT_LOC_STRINGS = NO;
				SWIFT_VERSION = 5.0;
				TARGETED_DEVICE_FAMILY = "1,2";
				TEST_HOST = "$(BUILT_PRODUCTS_DIR)/MaggieReader.app/$(BUNDLE_EXECUTABLE_FOLDER_PATH)/MaggieReader";
			};
			name = Release;
		};
		A3A627B22C058A8F00494C5F /* Debug */ = {
			isa = XCBuildConfiguration;
			buildSettings = {
				ALWAYS_EMBED_SWIFT_STANDARD_LIBRARIES = YES;
				CODE_SIGN_STYLE = Automatic;
				CURRENT_PROJECT_VERSION = 1;
				DEVELOPMENT_TEAM = B83GKBSQDR;
				GENERATE_INFOPLIST_FILE = YES;
				IPHONEOS_DEPLOYMENT_TARGET = 17.5;
				MACOSX_DEPLOYMENT_TARGET = 14.5;
				MARKETING_VERSION = 1.0;
				PRODUCT_BUNDLE_IDENTIFIER = com.stevenlamphear.readerUITests;
				PRODUCT_NAME = "$(TARGET_NAME)";
				SDKROOT = auto;
				SUPPORTED_PLATFORMS = "iphoneos iphonesimulator macosx";
				SWIFT_EMIT_LOC_STRINGS = NO;
				SWIFT_VERSION = 5.0;
				TARGETED_DEVICE_FAMILY = "1,2";
				TEST_TARGET_NAME = reader;
			};
			name = Debug;
		};
		A3A627B32C058A8F00494C5F /* Release */ = {
			isa = XCBuildConfiguration;
			buildSettings = {
				ALWAYS_EMBED_SWIFT_STANDARD_LIBRARIES = YES;
				CODE_SIGN_STYLE = Automatic;
				CURRENT_PROJECT_VERSION = 1;
				DEVELOPMENT_TEAM = B83GKBSQDR;
				GENERATE_INFOPLIST_FILE = YES;
				IPHONEOS_DEPLOYMENT_TARGET = 17.5;
				MACOSX_DEPLOYMENT_TARGET = 14.5;
				MARKETING_VERSION = 1.0;
				PRODUCT_BUNDLE_IDENTIFIER = com.stevenlamphear.readerUITests;
				PRODUCT_NAME = "$(TARGET_NAME)";
				SDKROOT = auto;
				SUPPORTED_PLATFORMS = "iphoneos iphonesimulator macosx";
				SWIFT_EMIT_LOC_STRINGS = NO;
				SWIFT_VERSION = 5.0;
				TARGETED_DEVICE_FAMILY = "1,2";
				TEST_TARGET_NAME = reader;
			};
			name = Release;
		};
/* End XCBuildConfiguration section */

/* Begin XCConfigurationList section */
		A3A6277F2C058A8E00494C5F /* Build configuration list for PBXProject "MaggieReader" */ = {
			isa = XCConfigurationList;
			buildConfigurations = (
				A3A627A92C058A8F00494C5F /* Debug */,
				A3A627AA2C058A8F00494C5F /* Release */,
			);
			defaultConfigurationIsVisible = 0;
			defaultConfigurationName = Release;
		};
		A3A627AB2C058A8F00494C5F /* Build configuration list for PBXNativeTarget "MaggieReader" */ = {
			isa = XCConfigurationList;
			buildConfigurations = (
				A3A627AC2C058A8F00494C5F /* Debug */,
				A3A627AD2C058A8F00494C5F /* Release */,
			);
			defaultConfigurationIsVisible = 0;
			defaultConfigurationName = Release;
		};
		A3A627AE2C058A8F00494C5F /* Build configuration list for PBXNativeTarget "MaggieReaderTests" */ = {
			isa = XCConfigurationList;
			buildConfigurations = (
				A3A627AF2C058A8F00494C5F /* Debug */,
				A3A627B02C058A8F00494C5F /* Release */,
			);
			defaultConfigurationIsVisible = 0;
			defaultConfigurationName = Release;
		};
		A3A627B12C058A8F00494C5F /* Build configuration list for PBXNativeTarget "MaggieReaderUITests" */ = {
			isa = XCConfigurationList;
			buildConfigurations = (
				A3A627B22C058A8F00494C5F /* Debug */,
				A3A627B32C058A8F00494C5F /* Release */,
			);
			defaultConfigurationIsVisible = 0;
			defaultConfigurationName = Release;
		};
/* End XCConfigurationList section */

/* Begin XCRemoteSwiftPackageReference section */
		A3A627B72C058CC700494C5F /* XCRemoteSwiftPackageReference "SwiftyDropbox" */ = {
			isa = XCRemoteSwiftPackageReference;
			repositoryURL = "https://github.com/dropbox/SwiftyDropbox.git";
			requirement = {
				kind = upToNextMajorVersion;
				minimumVersion = 10.0.7;
			};
		};
		A3A627C22C058EB000494C5F /* XCRemoteSwiftPackageReference "SwiftKeychainWrapper" */ = {
			isa = XCRemoteSwiftPackageReference;
			repositoryURL = "https://github.com/jrendel/SwiftKeychainWrapper.git";
			requirement = {
				kind = upToNextMajorVersion;
				minimumVersion = 4.0.1;
			};
		};
		A3A627C72C0592F600494C5F /* XCRemoteSwiftPackageReference "OpenAI" */ = {
			isa = XCRemoteSwiftPackageReference;
			repositoryURL = "https://github.com/MacPaw/OpenAI.git";
			requirement = {
				kind = upToNextMajorVersion;
				minimumVersion = 0.2.9;
			};
		};
/* End XCRemoteSwiftPackageReference section */

/* Begin XCSwiftPackageProductDependency section */
		A3A627B82C058CC700494C5F /* SwiftyDropbox */ = {
			isa = XCSwiftPackageProductDependency;
			package = A3A627B72C058CC700494C5F /* XCRemoteSwiftPackageReference "SwiftyDropbox" */;
			productName = SwiftyDropbox;
		};
		A3A627C32C058EB000494C5F /* SwiftKeychainWrapper */ = {
			isa = XCSwiftPackageProductDependency;
			package = A3A627C22C058EB000494C5F /* XCRemoteSwiftPackageReference "SwiftKeychainWrapper" */;
			productName = SwiftKeychainWrapper;
		};
		A3A627C82C0592F600494C5F /* OpenAI */ = {
			isa = XCSwiftPackageProductDependency;
			package = A3A627C72C0592F600494C5F /* XCRemoteSwiftPackageReference "OpenAI" */;
			productName = OpenAI;
		};
/* End XCSwiftPackageProductDependency section */
	};
	rootObject = A3A6277C2C058A8E00494C5F /* Project object */;
}
